
Microsoft Visual Studio Solution File, Format Version 12.00
# Visual Studio 15
VisualStudioVersion = 15.0.27130.2010
MinimumVisualStudioVersion = 10.0.40219.1
Project("{9A19103F-16F7-4668-BE54-9A1E7A4F7556}") = "AdoNetCore.AseClient", "src\AdoNetCore.AseClient\AdoNetCore.AseClient.csproj", "{A994B1E4-2B7F-40B8-B045-57E4F324FF67}"
EndProject
Project("{9A19103F-16F7-4668-BE54-9A1E7A4F7556}") = "AdoNetCore.AseClient.Tests", "test\AdoNetCore.AseClient.Tests\AdoNetCore.AseClient.Tests.csproj", "{C9D8BA23-621B-4F75-B6EB-6B4961ACD3E8}"
EndProject
Project("{9A19103F-16F7-4668-BE54-9A1E7A4F7556}") = "AdoNetCore.AseClient.Benchmark", "test\AdoNetCore.AseClient.Benchmark\AdoNetCore.AseClient.Benchmark.csproj", "{5BCA91B7-02B6-4167-98EF-167A1DD4300C}"
EndProject
Project("{2150E333-8FDC-42A3-9474-1A3956D46DE8}") = "Solution Items", "Solution Items", "{A0A27596-6165-4511-9BB9-9F87781B17A1}"
	ProjectSection(SolutionItems) = preProject
		.editorconfig = .editorconfig
	EndProjectSection
EndProject
Global
	GlobalSection(SolutionConfigurationPlatforms) = preSolution
		Debug|Any CPU = Debug|Any CPU
		Release|Any CPU = Release|Any CPU
	EndGlobalSection
	GlobalSection(ProjectConfigurationPlatforms) = postSolution
		{A994B1E4-2B7F-40B8-B045-57E4F324FF67}.Debug|Any CPU.ActiveCfg = Debug|Any CPU
		{A994B1E4-2B7F-40B8-B045-57E4F324FF67}.Debug|Any CPU.Build.0 = Debug|Any CPU
		{A994B1E4-2B7F-40B8-B045-57E4F324FF67}.Release|Any CPU.ActiveCfg = Release|Any CPU
		{A994B1E4-2B7F-40B8-B045-57E4F324FF67}.Release|Any CPU.Build.0 = Release|Any CPU
		{C9D8BA23-621B-4F75-B6EB-6B4961ACD3E8}.Debug|Any CPU.ActiveCfg = Debug|Any CPU
		{C9D8BA23-621B-4F75-B6EB-6B4961ACD3E8}.Debug|Any CPU.Build.0 = Debug|Any CPU
		{C9D8BA23-621B-4F75-B6EB-6B4961ACD3E8}.Release|Any CPU.ActiveCfg = Release|Any CPU
		{C9D8BA23-621B-4F75-B6EB-6B4961ACD3E8}.Release|Any CPU.Build.0 = Release|Any CPU
		{5BCA91B7-02B6-4167-98EF-167A1DD4300C}.Debug|Any CPU.ActiveCfg = Debug|Any CPU
		{5BCA91B7-02B6-4167-98EF-167A1DD4300C}.Debug|Any CPU.Build.0 = Debug|Any CPU
		{5BCA91B7-02B6-4167-98EF-167A1DD4300C}.Release|Any CPU.ActiveCfg = Release|Any CPU
		{5BCA91B7-02B6-4167-98EF-167A1DD4300C}.Release|Any CPU.Build.0 = Release|Any CPU
	EndGlobalSection
	GlobalSection(SolutionProperties) = preSolution
		HideSolutionNode = FALSE
	EndGlobalSection
	GlobalSection(ExtensibilityGlobals) = postSolution
		SolutionGuid = {CB441BAB-1B27-42DD-9AE6-7B900D4F16B0}
	EndGlobalSection
EndGlobal
